
Microsoft Visual Studio Solution File, Format Version 12.00
# Visual Studio Version 17
VisualStudioVersion = 17.5.33627.172
MinimumVisualStudioVersion = 10.0.40219.1
Project("{2150E333-8FDC-42A3-9474-1A3956D46DE8}") = "Applications", "Applications", "{659407CE-27F1-4333-A518-94D3A5104BE3}"
EndProject
Project("{2150E333-8FDC-42A3-9474-1A3956D46DE8}") = "Commons", "Commons", "{73DFB142-1775-4230-8DE8-CA80CCE3A032}"
EndProject
Project("{2150E333-8FDC-42A3-9474-1A3956D46DE8}") = "JobSchedulers", "JobSchedulers", "{A1FEEFB5-6F67-44E5-BFD3-372347EB5194}"
EndProject
Project("{2150E333-8FDC-42A3-9474-1A3956D46DE8}") = "Database", "Database", "{3FFD39A9-E2EC-4C92-9320-0BE2068F412D}"
EndProject
Project("{2150E333-8FDC-42A3-9474-1A3956D46DE8}") = "Libraries", "Libraries", "{5377D38A-756C-4EAE-9C64-6E2FD0A3924F}"
EndProject
Project("{9A19103F-16F7-4668-BE54-9A1E7A4F7556}") = "SWP391.OnlineShop.Core", "SWP391.OnlineShop.Core\SWP391.OnlineShop.Core.csproj", "{42845D5E-0A29-4E2D-A3F8-AD938C307DEA}"
EndProject
Project("{9A19103F-16F7-4668-BE54-9A1E7A4F7556}") = "SWP391.OnlineShop.Common", "SWP391.OnlineShop.Common\SWP391.OnlineShop.Common.csproj", "{40F4B2D2-2E6D-426F-8D5A-EC2021DA367B}"
EndProject
Project("{9A19103F-16F7-4668-BE54-9A1E7A4F7556}") = "SWP391.OnlineShop.ServiceModel", "SWP391.OnlineShop.ServiceModel\SWP391.OnlineShop.ServiceModel.csproj", "{D8704F81-5938-43BB-BBE9-BF7416645CAA}"
EndProject
Project("{9A19103F-16F7-4668-BE54-9A1E7A4F7556}") = "SWP391.OnlineShop.ServiceInterface", "SWP391.OnlineShop.ServiceInterface\SWP391.OnlineShop.ServiceInterface.csproj", "{F0A80EC8-E2A2-4F95-BFB0-9D7866A49AED}"
EndProject
Project("{2150E333-8FDC-42A3-9474-1A3956D46DE8}") = "Tests", "Tests", "{62FD46DE-E274-445E-ABF9-4087ABE37D14}"
EndProject
Project("{9A19103F-16F7-4668-BE54-9A1E7A4F7556}") = "SWP391.OnlineShop.UnitTest", "SWP391.OnlineShop.UnitTest\SWP391.OnlineShop.UnitTest.csproj", "{0DE3165D-05B9-46E5-B851-577A1AD9FF21}"
EndProject
Project("{9A19103F-16F7-4668-BE54-9A1E7A4F7556}") = "SWP391.OnlineShop.BatchJob", "SWP391.OnlineShop.BatchJob\SWP391.OnlineShop.BatchJob.csproj", "{16227AEA-A9C4-46D7-BFFE-83D0F9B5F06A}"
EndProject
Project("{9A19103F-16F7-4668-BE54-9A1E7A4F7556}") = "SWP391.OnlineShop.Service", "SWP391.OnlineShop.Service\SWP391.OnlineShop.Service.csproj", "{E3C14BD7-7C0D-48EB-9A27-C51D0F507F48}"
EndProject
Project("{9A19103F-16F7-4668-BE54-9A1E7A4F7556}") = "SWP391.OnlineShop.Portal", "SWP391.OnlineShop.Portal\SWP391.OnlineShop.Portal.csproj", "{F9FCFB30-657B-46D8-8061-36987A6FCF1E}"
EndProject
Global
	GlobalSection(SolutionConfigurationPlatforms) = preSolution
		Debug|Any CPU = Debug|Any CPU
		Release|Any CPU = Release|Any CPU
	EndGlobalSection
	GlobalSection(ProjectConfigurationPlatforms) = postSolution
		{42845D5E-0A29-4E2D-A3F8-AD938C307DEA}.Debug|Any CPU.ActiveCfg = Debug|Any CPU
		{42845D5E-0A29-4E2D-A3F8-AD938C307DEA}.Debug|Any CPU.Build.0 = Debug|Any CPU
		{42845D5E-0A29-4E2D-A3F8-AD938C307DEA}.Release|Any CPU.ActiveCfg = Release|Any CPU
		{42845D5E-0A29-4E2D-A3F8-AD938C307DEA}.Release|Any CPU.Build.0 = Release|Any CPU
		{40F4B2D2-2E6D-426F-8D5A-EC2021DA367B}.Debug|Any CPU.ActiveCfg = Debug|Any CPU
		{40F4B2D2-2E6D-426F-8D5A-EC2021DA367B}.Debug|Any CPU.Build.0 = Debug|Any CPU
		{40F4B2D2-2E6D-426F-8D5A-EC2021DA367B}.Release|Any CPU.ActiveCfg = Release|Any CPU
		{40F4B2D2-2E6D-426F-8D5A-EC2021DA367B}.Release|Any CPU.Build.0 = Release|Any CPU
		{D8704F81-5938-43BB-BBE9-BF7416645CAA}.Debug|Any CPU.ActiveCfg = Debug|Any CPU
		{D8704F81-5938-43BB-BBE9-BF7416645CAA}.Debug|Any CPU.Build.0 = Debug|Any CPU
		{D8704F81-5938-43BB-BBE9-BF7416645CAA}.Release|Any CPU.ActiveCfg = Release|Any CPU
		{D8704F81-5938-43BB-BBE9-BF7416645CAA}.Release|Any CPU.Build.0 = Release|Any CPU
		{F0A80EC8-E2A2-4F95-BFB0-9D7866A49AED}.Debug|Any CPU.ActiveCfg = Debug|Any CPU
		{F0A80EC8-E2A2-4F95-BFB0-9D7866A49AED}.Debug|Any CPU.Build.0 = Debug|Any CPU
		{F0A80EC8-E2A2-4F95-BFB0-9D7866A49AED}.Release|Any CPU.ActiveCfg = Release|Any CPU
		{F0A80EC8-E2A2-4F95-BFB0-9D7866A49AED}.Release|Any CPU.Build.0 = Release|Any CPU
		{0DE3165D-05B9-46E5-B851-577A1AD9FF21}.Debug|Any CPU.ActiveCfg = Debug|Any CPU
		{0DE3165D-05B9-46E5-B851-577A1AD9FF21}.Debug|Any CPU.Build.0 = Debug|Any CPU
		{0DE3165D-05B9-46E5-B851-577A1AD9FF21}.Release|Any CPU.ActiveCfg = Release|Any CPU
		{0DE3165D-05B9-46E5-B851-577A1AD9FF21}.Release|Any CPU.Build.0 = Release|Any CPU
		{16227AEA-A9C4-46D7-BFFE-83D0F9B5F06A}.Debug|Any CPU.ActiveCfg = Debug|Any CPU
		{16227AEA-A9C4-46D7-BFFE-83D0F9B5F06A}.Debug|Any CPU.Build.0 = Debug|Any CPU
		{16227AEA-A9C4-46D7-BFFE-83D0F9B5F06A}.Release|Any CPU.ActiveCfg = Release|Any CPU
		{16227AEA-A9C4-46D7-BFFE-83D0F9B5F06A}.Release|Any CPU.Build.0 = Release|Any CPU
		{E3C14BD7-7C0D-48EB-9A27-C51D0F507F48}.Debug|Any CPU.ActiveCfg = Debug|Any CPU
		{E3C14BD7-7C0D-48EB-9A27-C51D0F507F48}.Debug|Any CPU.Build.0 = Debug|Any CPU
		{E3C14BD7-7C0D-48EB-9A27-C51D0F507F48}.Release|Any CPU.ActiveCfg = Release|Any CPU
		{E3C14BD7-7C0D-48EB-9A27-C51D0F507F48}.Release|Any CPU.Build.0 = Release|Any CPU
		{F9FCFB30-657B-46D8-8061-36987A6FCF1E}.Debug|Any CPU.ActiveCfg = Debug|Any CPU
		{F9FCFB30-657B-46D8-8061-36987A6FCF1E}.Debug|Any CPU.Build.0 = Debug|Any CPU
		{F9FCFB30-657B-46D8-8061-36987A6FCF1E}.Release|Any CPU.ActiveCfg = Release|Any CPU
		{F9FCFB30-657B-46D8-8061-36987A6FCF1E}.Release|Any CPU.Build.0 = Release|Any CPU
	EndGlobalSection
	GlobalSection(SolutionProperties) = preSolution
		HideSolutionNode = FALSE
	EndGlobalSection
	GlobalSection(NestedProjects) = preSolution
		{42845D5E-0A29-4E2D-A3F8-AD938C307DEA} = {3FFD39A9-E2EC-4C92-9320-0BE2068F412D}
		{40F4B2D2-2E6D-426F-8D5A-EC2021DA367B} = {73DFB142-1775-4230-8DE8-CA80CCE3A032}
		{D8704F81-5938-43BB-BBE9-BF7416645CAA} = {5377D38A-756C-4EAE-9C64-6E2FD0A3924F}
		{F0A80EC8-E2A2-4F95-BFB0-9D7866A49AED} = {5377D38A-756C-4EAE-9C64-6E2FD0A3924F}
		{0DE3165D-05B9-46E5-B851-577A1AD9FF21} = {62FD46DE-E274-445E-ABF9-4087ABE37D14}
		{16227AEA-A9C4-46D7-BFFE-83D0F9B5F06A} = {A1FEEFB5-6F67-44E5-BFD3-372347EB5194}
		{E3C14BD7-7C0D-48EB-9A27-C51D0F507F48} = {659407CE-27F1-4333-A518-94D3A5104BE3}
		{F9FCFB30-657B-46D8-8061-36987A6FCF1E} = {659407CE-27F1-4333-A518-94D3A5104BE3}
	EndGlobalSection
	GlobalSection(ExtensibilityGlobals) = postSolution
		SolutionGuid = {0833F732-6906-4EE9-B1EA-9703CA127033}
	EndGlobalSection
EndGlobal
